{
    "_readme": [
        "This file locks the dependencies of your project to a known state",
        "Read more about it at https://getcomposer.org/doc/01-basic-usage.md#composer-lock-the-lock-file",
        "This file is @generated automatically"
    ],
    "content-hash": "21d27394f16ef161d9b5755677b8440d",
    "packages": [
        {
            "name": "jeremy-dunn/php-fedex-api-wrapper",
            "version": "2.6.2",
            "source": {
                "type": "git",
                "url": "https://github.com/JeremyDunn/php-fedex-api-wrapper.git",
                "reference": "77381bdef63315de2bc130d15cf05f725a38c960"
            },
            "dist": {
                "type": "zip",
                "url": "https://api.github.com/repos/JeremyDunn/php-fedex-api-wrapper/zipball/77381bdef63315de2bc130d15cf05f725a38c960",
                "reference": "77381bdef63315de2bc130d15cf05f725a38c960",
                "shasum": ""
            },
            "require": {
                "php": ">=5.4.0"
            },
            "require-dev": {
                "apigen/apigen": "^4.1",
                "fzaninotto/faker": "^1.6",
                "phpunit/phpunit": "^5.7",
                "squizlabs/php_codesniffer": "*",
                "symfony/console": "2.*"
            },
            "type": "library",
            "autoload": {
                "psr-4": {
                    "FedEx\\": "src/FedEx/",
                    "FedEx\\Utility\\": "util/",
                    "FedEx\\Tests\\": "tests/FedEx/Tests"
                }
            },
            "notification-url": "https://packagist.org/downloads/",
            "license": [
                "MIT"
            ],
            "authors": [
                {
                    "name": "Jeremy Dunn",
                    "email": "jeremy@jsdunn.info",
                    "homepage": "http://www.jsdunn.info"
                }
            ],
            "description": "API Wrapper for Fedex web services",
            "homepage": "https://github.com/JeremyDunn/php-fedex-api-wrapper",
            "keywords": [
                "FedEx",
                "shipping",
                "soap"
            ],
            "time": "2017-11-03T18:03:30+00:00"
        }
    ],
    "packages-dev": [],
    "aliases": [],
    "minimum-stability": "stable",
    "stability-flags": [],
    "prefer-stable": false,
    "prefer-lowest": false,
    "platform": [],
    "platform-dev": []
}
